
Microsoft Visual Studio Solution File, Format Version 12.00
# Visual Studio Version 17
VisualStudioVersion = 17.11.35222.181
MinimumVisualStudioVersion = 10.0.40219.1
Project("{FAE04EC0-301F-11D3-BF4B-00C04F79EFBC}") = "Lab Mvc", "Lab Mvc\Lab Mvc.csproj", "{9D159D06-11F5-40C4-8A25-141AFC45ACD0}"
EndProject
Project("{FAE04EC0-301F-11D3-BF4B-00C04F79EFBC}") = "Lab.Businesss", "Lab.Businesss\Lab.Businesss.csproj", "{2F8D1B53-21B0-4227-A349-C950608BD380}"
EndProject
Project("{FAE04EC0-301F-11D3-BF4B-00C04F79EFBC}") = "Lab.DALDapper", "Lab.DALDapper\Lab.DALDapper.csproj", "{87591671-8D84-4482-A27C-C65D88B11691}"
EndProject
Project("{FAE04EC0-301F-11D3-BF4B-00C04F79EFBC}") = "Lab.DTO", "Lab.DTO\Lab.DTO.csproj", "{FD62EB83-E3A1-4A84-A9F4-7C01E3A40902}"
EndProject
Global
	GlobalSection(SolutionConfigurationPlatforms) = preSolution
		Debug|Any CPU = Debug|Any CPU
		Release|Any CPU = Release|Any CPU
	EndGlobalSection
	GlobalSection(ProjectConfigurationPlatforms) = postSolution
		{9D159D06-11F5-40C4-8A25-141AFC45ACD0}.Debug|Any CPU.ActiveCfg = Debug|Any CPU
		{9D159D06-11F5-40C4-8A25-141AFC45ACD0}.Debug|Any CPU.Build.0 = Debug|Any CPU
		{9D159D06-11F5-40C4-8A25-141AFC45ACD0}.Release|Any CPU.ActiveCfg = Release|Any CPU
		{9D159D06-11F5-40C4-8A25-141AFC45ACD0}.Release|Any CPU.Build.0 = Release|Any CPU
		{2F8D1B53-21B0-4227-A349-C950608BD380}.Debug|Any CPU.ActiveCfg = Debug|Any CPU
		{2F8D1B53-21B0-4227-A349-C950608BD380}.Debug|Any CPU.Build.0 = Debug|Any CPU
		{2F8D1B53-21B0-4227-A349-C950608BD380}.Release|Any CPU.ActiveCfg = Release|Any CPU
		{2F8D1B53-21B0-4227-A349-C950608BD380}.Release|Any CPU.Build.0 = Release|Any CPU
		{87591671-8D84-4482-A27C-C65D88B11691}.Debug|Any CPU.ActiveCfg = Debug|Any CPU
		{87591671-8D84-4482-A27C-C65D88B11691}.Debug|Any CPU.Build.0 = Debug|Any CPU
		{87591671-8D84-4482-A27C-C65D88B11691}.Release|Any CPU.ActiveCfg = Release|Any CPU
		{87591671-8D84-4482-A27C-C65D88B11691}.Release|Any CPU.Build.0 = Release|Any CPU
		{FD62EB83-E3A1-4A84-A9F4-7C01E3A40902}.Debug|Any CPU.ActiveCfg = Debug|Any CPU
		{FD62EB83-E3A1-4A84-A9F4-7C01E3A40902}.Debug|Any CPU.Build.0 = Debug|Any CPU
		{FD62EB83-E3A1-4A84-A9F4-7C01E3A40902}.Release|Any CPU.ActiveCfg = Release|Any CPU
		{FD62EB83-E3A1-4A84-A9F4-7C01E3A40902}.Release|Any CPU.Build.0 = Release|Any CPU
	EndGlobalSection
	GlobalSection(SolutionProperties) = preSolution
		HideSolutionNode = FALSE
	EndGlobalSection
	GlobalSection(ExtensibilityGlobals) = postSolution
		SolutionGuid = {F2238E07-6ADF-4D4A-9766-29586FAEB45F}
	EndGlobalSection
EndGlobal
